// !$*UTF8*$!
{
	archiveVersion = 1;
	classes = {
	};
	objectVersion = 46;
	objects = {

/* Begin PBXBuildFile section */
		8C09238B192950710038D7C7 /* ITHSFoodTableViewController.m in Sources */ = {isa = PBXBuildFile; fileRef = 8C09238A192950710038D7C7 /* ITHSFoodTableViewController.m */; };
		8C24D45F191A49850091C044 /* Foundation.framework in Frameworks */ = {isa = PBXBuildFile; fileRef = 8C24D45E191A49850091C044 /* Foundation.framework */; };
		8C24D461191A49850091C044 /* CoreGraphics.framework in Frameworks */ = {isa = PBXBuildFile; fileRef = 8C24D460191A49850091C044 /* CoreGraphics.framework */; };
		8C24D463191A49850091C044 /* UIKit.framework in Frameworks */ = {isa = PBXBuildFile; fileRef = 8C24D462191A49850091C044 /* UIKit.framework */; };
		8C24D469191A49860091C044 /* InfoPlist.strings in Resources */ = {isa = PBXBuildFile; fileRef = 8C24D467191A49860091C044 /* InfoPlist.strings */; };
		8C24D46B191A49860091C044 /* main.m in Sources */ = {isa = PBXBuildFile; fileRef = 8C24D46A191A49860091C044 /* main.m */; };
		8C24D46F191A49860091C044 /* ITHSAppDelegate.m in Sources */ = {isa = PBXBuildFile; fileRef = 8C24D46E191A49860091C044 /* ITHSAppDelegate.m */; };
		8C24D472191A49860091C044 /* Main.storyboard in Resources */ = {isa = PBXBuildFile; fileRef = 8C24D470191A49860091C044 /* Main.storyboard */; };
		8C24D475191A49860091C044 /* ITHSViewController.m in Sources */ = {isa = PBXBuildFile; fileRef = 8C24D474191A49860091C044 /* ITHSViewController.m */; };
		8C24D477191A49860091C044 /* Images.xcassets in Resources */ = {isa = PBXBuildFile; fileRef = 8C24D476191A49860091C044 /* Images.xcassets */; };
		8C24D47E191A49860091C044 /* XCTest.framework in Frameworks */ = {isa = PBXBuildFile; fileRef = 8C24D47D191A49860091C044 /* XCTest.framework */; };
		8C24D47F191A49860091C044 /* Foundation.framework in Frameworks */ = {isa = PBXBuildFile; fileRef = 8C24D45E191A49850091C044 /* Foundation.framework */; };
		8C24D480191A49860091C044 /* UIKit.framework in Frameworks */ = {isa = PBXBuildFile; fileRef = 8C24D462191A49850091C044 /* UIKit.framework */; };
		8C24D488191A49860091C044 /* InfoPlist.strings in Resources */ = {isa = PBXBuildFile; fileRef = 8C24D486191A49860091C044 /* InfoPlist.strings */; };
		8C24D48A191A49860091C044 /* DinnerTimeTests.m in Sources */ = {isa = PBXBuildFile; fileRef = 8C24D489191A49860091C044 /* DinnerTimeTests.m */; };
		8CA549181931FE350032BACD /* ITHSContentViewController.m in Sources */ = {isa = PBXBuildFile; fileRef = 8CA549171931FE350032BACD /* ITHSContentViewController.m */; };
		8CA549A01934A5940032BACD /* ITHSFavoritesTableViewTableViewController.m in Sources */ = {isa = PBXBuildFile; fileRef = 8CA5499F1934A5940032BACD /* ITHSFavoritesTableViewTableViewController.m */; };
		8CA549A91934FC250032BACD /* ITHSEditViewViewController.m in Sources */ = {isa = PBXBuildFile; fileRef = 8CA549A81934FC250032BACD /* ITHSEditViewViewController.m */; };
		8CA549ED19354D7E0032BACD /* ITHSFavoriteCell.m in Sources */ = {isa = PBXBuildFile; fileRef = 8CA549EC19354D7E0032BACD /* ITHSFavoriteCell.m */; };
		8CA549F0193615410032BACD /* ITHSInfoViewController.m in Sources */ = {isa = PBXBuildFile; fileRef = 8CA549EF193615410032BACD /* ITHSInfoViewController.m */; };
/* End PBXBuildFile section */

/* Begin PBXContainerItemProxy section */
		8C24D481191A49860091C044 /* PBXContainerItemProxy */ = {
			isa = PBXContainerItemProxy;
			containerPortal = 8C24D453191A49850091C044 /* Project object */;
			proxyType = 1;
			remoteGlobalIDString = 8C24D45A191A49850091C044;
			remoteInfo = DinnerTime;
		};
/* End PBXContainerItemProxy section */

/* Begin PBXFileReference section */
		8C092389192950710038D7C7 /* ITHSFoodTableViewController.h */ = {isa = PBXFileReference; fileEncoding = 4; lastKnownFileType = sourcecode.c.h; path = ITHSFoodTableViewController.h; sourceTree = "<group>"; };
		8C09238A192950710038D7C7 /* ITHSFoodTableViewController.m */ = {isa = PBXFileReference; fileEncoding = 4; lastKnownFileType = sourcecode.c.objc; path = ITHSFoodTableViewController.m; sourceTree = "<group>"; };
		8C24D45B191A49850091C044 /* DinnerTime.app */ = {isa = PBXFileReference; explicitFileType = wrapper.application; includeInIndex = 0; path = DinnerTime.app; sourceTree = BUILT_PRODUCTS_DIR; };
		8C24D45E191A49850091C044 /* Foundation.framework */ = {isa = PBXFileReference; lastKnownFileType = wrapper.framework; name = Foundation.framework; path = System/Library/Frameworks/Foundation.framework; sourceTree = SDKROOT; };
		8C24D460191A49850091C044 /* CoreGraphics.framework */ = {isa = PBXFileReference; lastKnownFileType = wrapper.framework; name = CoreGraphics.framework; path = System/Library/Frameworks/CoreGraphics.framework; sourceTree = SDKROOT; };
		8C24D462191A49850091C044 /* UIKit.framework */ = {isa = PBXFileReference; lastKnownFileType = wrapper.framework; name = UIKit.framework; path = System/Library/Frameworks/UIKit.framework; sourceTree = SDKROOT; };
		8C24D466191A49860091C044 /* DinnerTime-Info.plist */ = {isa = PBXFileReference; lastKnownFileType = text.plist.xml; path = "DinnerTime-Info.plist"; sourceTree = "<group>"; };
		8C24D468191A49860091C044 /* en */ = {isa = PBXFileReference; lastKnownFileType = text.plist.strings; name = en; path = en.lproj/InfoPlist.strings; sourceTree = "<group>"; };
		8C24D46A191A49860091C044 /* main.m */ = {isa = PBXFileReference; lastKnownFileType = sourcecode.c.objc; path = main.m; sourceTree = "<group>"; };
		8C24D46C191A49860091C044 /* DinnerTime-Prefix.pch */ = {isa = PBXFileReference; lastKnownFileType = sourcecode.c.h; path = "DinnerTime-Prefix.pch"; sourceTree = "<group>"; };
		8C24D46D191A49860091C044 /* ITHSAppDelegate.h */ = {isa = PBXFileReference; lastKnownFileType = sourcecode.c.h; path = ITHSAppDelegate.h; sourceTree = "<group>"; };
		8C24D46E191A49860091C044 /* ITHSAppDelegate.m */ = {isa = PBXFileReference; lastKnownFileType = sourcecode.c.objc; path = ITHSAppDelegate.m; sourceTree = "<group>"; };
		8C24D471191A49860091C044 /* Base */ = {isa = PBXFileReference; lastKnownFileType = file.storyboard; name = Base; path = Base.lproj/Main.storyboard; sourceTree = "<group>"; };
		8C24D473191A49860091C044 /* ITHSViewController.h */ = {isa = PBXFileReference; lastKnownFileType = sourcecode.c.h; path = ITHSViewController.h; sourceTree = "<group>"; };
		8C24D474191A49860091C044 /* ITHSViewController.m */ = {isa = PBXFileReference; lastKnownFileType = sourcecode.c.objc; path = ITHSViewController.m; sourceTree = "<group>"; };
		8C24D476191A49860091C044 /* Images.xcassets */ = {isa = PBXFileReference; lastKnownFileType = folder.assetcatalog; path = Images.xcassets; sourceTree = "<group>"; };
		8C24D47C191A49860091C044 /* DinnerTimeTests.xctest */ = {isa = PBXFileReference; explicitFileType = wrapper.cfbundle; includeInIndex = 0; path = DinnerTimeTests.xctest; sourceTree = BUILT_PRODUCTS_DIR; };
		8C24D47D191A49860091C044 /* XCTest.framework */ = {isa = PBXFileReference; lastKnownFileType = wrapper.framework; name = XCTest.framework; path = Library/Frameworks/XCTest.framework; sourceTree = DEVELOPER_DIR; };
		8C24D485191A49860091C044 /* DinnerTimeTests-Info.plist */ = {isa = PBXFileReference; lastKnownFileType = text.plist.xml; path = "DinnerTimeTests-Info.plist"; sourceTree = "<group>"; };
		8C24D487191A49860091C044 /* en */ = {isa = PBXFileReference; lastKnownFileType = text.plist.strings; name = en; path = en.lproj/InfoPlist.strings; sourceTree = "<group>"; };
		8C24D489191A49860091C044 /* DinnerTimeTests.m */ = {isa = PBXFileReference; lastKnownFileType = sourcecode.c.objc; path = DinnerTimeTests.m; sourceTree = "<group>"; };
		8CA549161931FE350032BACD /* ITHSContentViewController.h */ = {isa = PBXFileReference; fileEncoding = 4; lastKnownFileType = sourcecode.c.h; path = ITHSContentViewController.h; sourceTree = "<group>"; };
		8CA549171931FE350032BACD /* ITHSContentViewController.m */ = {isa = PBXFileReference; fileEncoding = 4; lastKnownFileType = sourcecode.c.objc; path = ITHSContentViewController.m; sourceTree = "<group>"; };
		8CA5499E1934A5940032BACD /* ITHSFavoritesTableViewTableViewController.h */ = {isa = PBXFileReference; fileEncoding = 4; lastKnownFileType = sourcecode.c.h; path = ITHSFavoritesTableViewTableViewController.h; sourceTree = "<group>"; };
		8CA5499F1934A5940032BACD /* ITHSFavoritesTableViewTableViewController.m */ = {isa = PBXFileReference; fileEncoding = 4; lastKnownFileType = sourcecode.c.objc; path = ITHSFavoritesTableViewTableViewController.m; sourceTree = "<group>"; };
		8CA549A71934FC250032BACD /* ITHSEditViewViewController.h */ = {isa = PBXFileReference; fileEncoding = 4; lastKnownFileType = sourcecode.c.h; path = ITHSEditViewViewController.h; sourceTree = "<group>"; };
		8CA549A81934FC250032BACD /* ITHSEditViewViewController.m */ = {isa = PBXFileReference; fileEncoding = 4; lastKnownFileType = sourcecode.c.objc; path = ITHSEditViewViewController.m; sourceTree = "<group>"; };
		8CA549EB19354D7E0032BACD /* ITHSFavoriteCell.h */ = {isa = PBXFileReference; fileEncoding = 4; lastKnownFileType = sourcecode.c.h; path = ITHSFavoriteCell.h; sourceTree = "<group>"; };
		8CA549EC19354D7E0032BACD /* ITHSFavoriteCell.m */ = {isa = PBXFileReference; fileEncoding = 4; lastKnownFileType = sourcecode.c.objc; path = ITHSFavoriteCell.m; sourceTree = "<group>"; };
		8CA549EE193615410032BACD /* ITHSInfoViewController.h */ = {isa = PBXFileReference; fileEncoding = 4; lastKnownFileType = sourcecode.c.h; path = ITHSInfoViewController.h; sourceTree = "<group>"; };
		8CA549EF193615410032BACD /* ITHSInfoViewController.m */ = {isa = PBXFileReference; fileEncoding = 4; lastKnownFileType = sourcecode.c.objc; path = ITHSInfoViewController.m; sourceTree = "<group>"; };
/* End PBXFileReference section */

/* Begin PBXFrameworksBuildPhase section */
		8C24D458191A49850091C044 /* Frameworks */ = {
			isa = PBXFrameworksBuildPhase;
			buildActionMask = 2147483647;
			files = (
				8C24D461191A49850091C044 /* CoreGraphics.framework in Frameworks */,
				8C24D463191A49850091C044 /* UIKit.framework in Frameworks */,
				8C24D45F191A49850091C044 /* Foundation.framework in Frameworks */,
			);
			runOnlyForDeploymentPostprocessing = 0;
		};
		8C24D479191A49860091C044 /* Frameworks */ = {
			isa = PBXFrameworksBuildPhase;
			buildActionMask = 2147483647;
			files = (
				8C24D47E191A49860091C044 /* XCTest.framework in Frameworks */,
				8C24D480191A49860091C044 /* UIKit.framework in Frameworks */,
				8C24D47F191A49860091C044 /* Foundation.framework in Frameworks */,
			);
			runOnlyForDeploymentPostprocessing = 0;
		};
/* End PBXFrameworksBuildPhase section */

/* Begin PBXGroup section */
		8C24D452191A49850091C044 = {
			isa = PBXGroup;
			children = (
				8C24D464191A49850091C044 /* DinnerTime */,
				8C24D483191A49860091C044 /* DinnerTimeTests */,
				8C24D45D191A49850091C044 /* Frameworks */,
				8C24D45C191A49850091C044 /* Products */,
			);
			sourceTree = "<group>";
		};
		8C24D45C191A49850091C044 /* Products */ = {
			isa = PBXGroup;
			children = (
				8C24D45B191A49850091C044 /* DinnerTime.app */,
				8C24D47C191A49860091C044 /* DinnerTimeTests.xctest */,
			);
			name = Products;
			sourceTree = "<group>";
		};
		8C24D45D191A49850091C044 /* Frameworks */ = {
			isa = PBXGroup;
			children = (
				8C24D45E191A49850091C044 /* Foundation.framework */,
				8C24D460191A49850091C044 /* CoreGraphics.framework */,
				8C24D462191A49850091C044 /* UIKit.framework */,
				8C24D47D191A49860091C044 /* XCTest.framework */,
			);
			name = Frameworks;
			sourceTree = "<group>";
		};
		8C24D464191A49850091C044 /* DinnerTime */ = {
			isa = PBXGroup;
			children = (
				8CA549A11934A5A40032BACD /* Views */,
				8C24D46D191A49860091C044 /* ITHSAppDelegate.h */,
				8C24D46E191A49860091C044 /* ITHSAppDelegate.m */,
				8C24D470191A49860091C044 /* Main.storyboard */,
				8C24D476191A49860091C044 /* Images.xcassets */,
				8C24D465191A49850091C044 /* Supporting Files */,
				8CA549EB19354D7E0032BACD /* ITHSFavoriteCell.h */,
				8CA549EC19354D7E0032BACD /* ITHSFavoriteCell.m */,
				8CA549EE193615410032BACD /* ITHSInfoViewController.h */,
				8CA549EF193615410032BACD /* ITHSInfoViewController.m */,
			);
			path = DinnerTime;
			sourceTree = "<group>";
		};
		8C24D465191A49850091C044 /* Supporting Files */ = {
			isa = PBXGroup;
			children = (
				8C24D466191A49860091C044 /* DinnerTime-Info.plist */,
				8C24D467191A49860091C044 /* InfoPlist.strings */,
				8C24D46A191A49860091C044 /* main.m */,
				8C24D46C191A49860091C044 /* DinnerTime-Prefix.pch */,
			);
			name = "Supporting Files";
			sourceTree = "<group>";
		};
		8C24D483191A49860091C044 /* DinnerTimeTests */ = {
			isa = PBXGroup;
			children = (
				8C24D489191A49860091C044 /* DinnerTimeTests.m */,
				8C24D484191A49860091C044 /* Supporting Files */,
			);
			path = DinnerTimeTests;
			sourceTree = "<group>";
		};
		8C24D484191A49860091C044 /* Supporting Files */ = {
			isa = PBXGroup;
			children = (
				8C24D485191A49860091C044 /* DinnerTimeTests-Info.plist */,
				8C24D486191A49860091C044 /* InfoPlist.strings */,
			);
			name = "Supporting Files";
			sourceTree = "<group>";
		};
		8CA549A11934A5A40032BACD /* Views */ = {
			isa = PBXGroup;
			children = (
				8C24D473191A49860091C044 /* ITHSViewController.h */,
				8C24D474191A49860091C044 /* ITHSViewController.m */,
				8C092389192950710038D7C7 /* ITHSFoodTableViewController.h */,
				8C09238A192950710038D7C7 /* ITHSFoodTableViewController.m */,
				8CA549161931FE350032BACD /* ITHSContentViewController.h */,
				8CA549171931FE350032BACD /* ITHSContentViewController.m */,
				8CA5499E1934A5940032BACD /* ITHSFavoritesTableViewTableViewController.h */,
				8CA5499F1934A5940032BACD /* ITHSFavoritesTableViewTableViewController.m */,
				8CA549A71934FC250032BACD /* ITHSEditViewViewController.h */,
				8CA549A81934FC250032BACD /* ITHSEditViewViewController.m */,
			);
			name = Views;
			sourceTree = "<group>";
		};
/* End PBXGroup section */

/* Begin PBXNativeTarget section */
		8C24D45A191A49850091C044 /* DinnerTime */ = {
			isa = PBXNativeTarget;
			buildConfigurationList = 8C24D48D191A49860091C044 /* Build configuration list for PBXNativeTarget "DinnerTime" */;
			buildPhases = (
				8C24D457191A49850091C044 /* Sources */,
				8C24D458191A49850091C044 /* Frameworks */,
				8C24D459191A49850091C044 /* Resources */,
			);
			buildRules = (
			);
			dependencies = (
			);
			name = DinnerTime;
			productName = DinnerTime;
			productReference = 8C24D45B191A49850091C044 /* DinnerTime.app */;
			productType = "com.apple.product-type.application";
		};
		8C24D47B191A49860091C044 /* DinnerTimeTests */ = {
			isa = PBXNativeTarget;
			buildConfigurationList = 8C24D490191A49860091C044 /* Build configuration list for PBXNativeTarget "DinnerTimeTests" */;
			buildPhases = (
				8C24D478191A49860091C044 /* Sources */,
				8C24D479191A49860091C044 /* Frameworks */,
				8C24D47A191A49860091C044 /* Resources */,
			);
			buildRules = (
			);
			dependencies = (
				8C24D482191A49860091C044 /* PBXTargetDependency */,
			);
			name = DinnerTimeTests;
			productName = DinnerTimeTests;
			productReference = 8C24D47C191A49860091C044 /* DinnerTimeTests.xctest */;
			productType = "com.apple.product-type.bundle.unit-test";
		};
/* End PBXNativeTarget section */

/* Begin PBXProject section */
		8C24D453191A49850091C044 /* Project object */ = {
			isa = PBXProject;
			attributes = {
				CLASSPREFIX = ITHS;
				LastUpgradeCheck = 0510;
				ORGANIZATIONNAME = "Jyrki Rajala";
				TargetAttributes = {
					8C24D45A191A49850091C044 = {
						DevelopmentTeam = JWYK64EH59;
					};
					8C24D47B191A49860091C044 = {
						TestTargetID = 8C24D45A191A49850091C044;
					};
				};
			};
			buildConfigurationList = 8C24D456191A49850091C044 /* Build configuration list for PBXProject "DinnerTime" */;
			compatibilityVersion = "Xcode 3.2";
			developmentRegion = English;
			hasScannedForEncodings = 0;
			knownRegions = (
				en,
				Base,
			);
			mainGroup = 8C24D452191A49850091C044;
			productRefGroup = 8C24D45C191A49850091C044 /* Products */;
			projectDirPath = "";
			projectRoot = "";
			targets = (
				8C24D45A191A49850091C044 /* DinnerTime */,
				8C24D47B191A49860091C044 /* DinnerTimeTests */,
			);
		};
/* End PBXProject section */

/* Begin PBXResourcesBuildPhase section */
		8C24D459191A49850091C044 /* Resources */ = {
			isa = PBXResourcesBuildPhase;
			buildActionMask = 2147483647;
			files = (
				8C24D477191A49860091C044 /* Images.xcassets in Resources */,
				8C24D469191A49860091C044 /* InfoPlist.strings in Resources */,
				8C24D472191A49860091C044 /* Main.storyboard in Resources */,
			);
			runOnlyForDeploymentPostprocessing = 0;
		};
		8C24D47A191A49860091C044 /* Resources */ = {
			isa = PBXResourcesBuildPhase;
			buildActionMask = 2147483647;
			files = (
				8C24D488191A49860091C044 /* InfoPlist.strings in Resources */,
			);
			runOnlyForDeploymentPostprocessing = 0;
		};
/* End PBXResourcesBuildPhase section */

/* Begin PBXSourcesBuildPhase section */
		8C24D457191A49850091C044 /* Sources */ = {
			isa = PBXSourcesBuildPhase;
			buildActionMask = 2147483647;
			files = (
				8C24D46F191A49860091C044 /* ITHSAppDelegate.m in Sources */,
				8C24D475191A49860091C044 /* ITHSViewController.m in Sources */,
				8C24D46B191A49860091C044 /* main.m in Sources */,
				8C09238B192950710038D7C7 /* ITHSFoodTableViewController.m in Sources */,
				8CA549F0193615410032BACD /* ITHSInfoViewController.m in Sources */,
				8CA549181931FE350032BACD /* ITHSContentViewController.m in Sources */,
				8CA549ED19354D7E0032BACD /* ITHSFavoriteCell.m in Sources */,
				8CA549A01934A5940032BACD /* ITHSFavoritesTableViewTableViewController.m in Sources */,
				8CA549A91934FC250032BACD /* ITHSEditViewViewController.m in Sources */,
			);
			runOnlyForDeploymentPostprocessing = 0;
		};
		8C24D478191A49860091C044 /* Sources */ = {
			isa = PBXSourcesBuildPhase;
			buildActionMask = 2147483647;
			files = (
				8C24D48A191A49860091C044 /* DinnerTimeTests.m in Sources */,
			);
			runOnlyForDeploymentPostprocessing = 0;
		};
/* End PBXSourcesBuildPhase section */

/* Begin PBXTargetDependency section */
		8C24D482191A49860091C044 /* PBXTargetDependency */ = {
			isa = PBXTargetDependency;
			target = 8C24D45A191A49850091C044 /* DinnerTime */;
			targetProxy = 8C24D481191A49860091C044 /* PBXContainerItemProxy */;
		};
/* End PBXTargetDependency section */

/* Begin PBXVariantGroup section */
		8C24D467191A49860091C044 /* InfoPlist.strings */ = {
			isa = PBXVariantGroup;
			children = (
				8C24D468191A49860091C044 /* en */,
			);
			name = InfoPlist.strings;
			sourceTree = "<group>";
		};
		8C24D470191A49860091C044 /* Main.storyboard */ = {
			isa = PBXVariantGroup;
			children = (
				8C24D471191A49860091C044 /* Base */,
			);
			name = Main.storyboard;
			sourceTree = "<group>";
		};
		8C24D486191A49860091C044 /* InfoPlist.strings */ = {
			isa = PBXVariantGroup;
			children = (
				8C24D487191A49860091C044 /* en */,
			);
			name = InfoPlist.strings;
			sourceTree = "<group>";
		};
/* End PBXVariantGroup section */

/* Begin XCBuildConfiguration section */
		8C24D48B191A49860091C044 /* Debug */ = {
			isa = XCBuildConfiguration;
			buildSettings = {
				ALWAYS_SEARCH_USER_PATHS = NO;
				CLANG_CXX_LANGUAGE_STANDARD = "gnu++0x";
				CLANG_CXX_LIBRARY = "libc++";
				CLANG_ENABLE_MODULES = YES;
				CLANG_ENABLE_OBJC_ARC = YES;
				CLANG_WARN_BOOL_CONVERSION = YES;
				CLANG_WARN_CONSTANT_CONVERSION = YES;
				CLANG_WARN_DIRECT_OBJC_ISA_USAGE = YES_ERROR;
				CLANG_WARN_EMPTY_BODY = YES;
				CLANG_WARN_ENUM_CONVERSION = YES;
				CLANG_WARN_INT_CONVERSION = YES;
				CLANG_WARN_OBJC_ROOT_CLASS = YES_ERROR;
				CLANG_WARN__DUPLICATE_METHOD_MATCH = YES;
				"CODE_SIGN_IDENTITY[sdk=iphoneos*]" = "iPhone Developer";
				COPY_PHASE_STRIP = NO;
				GCC_C_LANGUAGE_STANDARD = gnu99;
				GCC_DYNAMIC_NO_PIC = NO;
				GCC_OPTIMIZATION_LEVEL = 0;
				GCC_PREPROCESSOR_DEFINITIONS = (
					"DEBUG=1",
					"$(inherited)",
				);
				GCC_SYMBOLS_PRIVATE_EXTERN = NO;
				GCC_WARN_64_TO_32_BIT_CONVERSION = YES;
				GCC_WARN_ABOUT_RETURN_TYPE = YES_ERROR;
				GCC_WARN_UNDECLARED_SELECTOR = YES;
				GCC_WARN_UNINITIALIZED_AUTOS = YES_AGGRESSIVE;
				GCC_WARN_UNUSED_FUNCTION = YES;
				GCC_WARN_UNUSED_VARIABLE = YES;
				IPHONEOS_DEPLOYMENT_TARGET = 7.1;
				ONLY_ACTIVE_ARCH = YES;
				SDKROOT = iphoneos;
			};
			name = Debug;
		};
		8C24D48C191A49860091C044 /* Release */ = {
			isa = XCBuildConfiguration;
			buildSettings = {
				ALWAYS_SEARCH_USER_PATHS = NO;
				CLANG_CXX_LANGUAGE_STANDARD = "gnu++0x";
				CLANG_CXX_LIBRARY = "libc++";
				CLANG_ENABLE_MODULES = YES;
				CLANG_ENABLE_OBJC_ARC = YES;
				CLANG_WARN_BOOL_CONVERSION = YES;
				CLANG_WARN_CONSTANT_CONVERSION = YES;
				CLANG_WARN_DIRECT_OBJC_ISA_USAGE = YES_ERROR;
				CLANG_WARN_EMPTY_BODY = YES;
				CLANG_WARN_ENUM_CONVERSION = YES;
				CLANG_WARN_INT_CONVERSION = YES;
				CLANG_WARN_OBJC_ROOT_CLASS = YES_ERROR;
				CLANG_WARN__DUPLICATE_METHOD_MATCH = YES;
				"CODE_SIGN_IDENTITY[sdk=iphoneos*]" = "iPhone Developer";
				COPY_PHASE_STRIP = YES;
				ENABLE_NS_ASSERTIONS = NO;
				GCC_C_LANGUAGE_STANDARD = gnu99;
				GCC_WARN_64_TO_32_BIT_CONVERSION = YES;
				GCC_WARN_ABOUT_RETURN_TYPE = YES_ERROR;
				GCC_WARN_UNDECLARED_SELECTOR = YES;
				GCC_WARN_UNINITIALIZED_AUTOS = YES_AGGRESSIVE;
				GCC_WARN_UNUSED_FUNCTION = YES;
				GCC_WARN_UNUSED_VARIABLE = YES;
				IPHONEOS_DEPLOYMENT_TARGET = 7.1;
				SDKROOT = iphoneos;
				VALIDATE_PRODUCT = YES;
			};
			name = Release;
		};
		8C24D48E191A49860091C044 /* Debug */ = {
			isa = XCBuildConfiguration;
			buildSettings = {
				ASSETCATALOG_COMPILER_APPICON_NAME = AppIcon;
				ASSETCATALOG_COMPILER_LAUNCHIMAGE_NAME = LaunchImage;
				CODE_SIGN_IDENTITY = "iPhone Developer";
				"CODE_SIGN_IDENTITY[sdk=iphoneos*]" = "iPhone Developer";
				GCC_PRECOMPILE_PREFIX_HEADER = YES;
				GCC_PREFIX_HEADER = "DinnerTime/DinnerTime-Prefix.pch";
				INFOPLIST_FILE = "DinnerTime/DinnerTime-Info.plist";
				PRODUCT_NAME = "$(TARGET_NAME)";
				PROVISIONING_PROFILE = "";
				WRAPPER_EXTENSION = app;
			};
			name = Debug;
		};
		8C24D48F191A49860091C044 /* Release */ = {
			isa = XCBuildConfiguration;
			buildSettings = {
				ASSETCATALOG_COMPILER_APPICON_NAME = AppIcon;
				ASSETCATALOG_COMPILER_LAUNCHIMAGE_NAME = LaunchImage;
				CODE_SIGN_IDENTITY = "iPhone Developer";
				"CODE_SIGN_IDENTITY[sdk=iphoneos*]" = "iPhone Developer";
				GCC_PRECOMPILE_PREFIX_HEADER = YES;
				GCC_PREFIX_HEADER = "DinnerTime/DinnerTime-Prefix.pch";
				INFOPLIST_FILE = "DinnerTime/DinnerTime-Info.plist";
				PRODUCT_NAME = "$(TARGET_NAME)";
				PROVISIONING_PROFILE = "";
				WRAPPER_EXTENSION = app;
			};
			name = Release;
		};
		8C24D491191A49860091C044 /* Debug */ = {
			isa = XCBuildConfiguration;
			buildSettings = {
				BUNDLE_LOADER = "$(BUILT_PRODUCTS_DIR)/DinnerTime.app/DinnerTime";
				FRAMEWORK_SEARCH_PATHS = (
					"$(SDKROOT)/Developer/Library/Frameworks",
					"$(inherited)",
					"$(DEVELOPER_FRAMEWORKS_DIR)",
				);
				GCC_PRECOMPILE_PREFIX_HEADER = YES;
				GCC_PREFIX_HEADER = "DinnerTime/DinnerTime-Prefix.pch";
				GCC_PREPROCESSOR_DEFINITIONS = (
					"DEBUG=1",
					"$(inherited)",
				);
				INFOPLIST_FILE = "DinnerTimeTests/DinnerTimeTests-Info.plist";
				PRODUCT_NAME = "$(TARGET_NAME)";
				TEST_HOST = "$(BUNDLE_LOADER)";
				WRAPPER_EXTENSION = xctest;
			};
			name = Debug;
		};
		8C24D492191A49860091C044 /* Release */ = {
			isa = XCBuildConfiguration;
			buildSettings = {
				BUNDLE_LOADER = "$(BUILT_PRODUCTS_DIR)/DinnerTime.app/DinnerTime";
				FRAMEWORK_SEARCH_PATHS = (
					"$(SDKROOT)/Developer/Library/Frameworks",
					"$(inherited)",
					"$(DEVELOPER_FRAMEWORKS_DIR)",
				);
				GCC_PRECOMPILE_PREFIX_HEADER = YES;
				GCC_PREFIX_HEADER = "DinnerTime/DinnerTime-Prefix.pch";
				INFOPLIST_FILE = "DinnerTimeTests/DinnerTimeTests-Info.plist";
				PRODUCT_NAME = "$(TARGET_NAME)";
				TEST_HOST = "$(BUNDLE_LOADER)";
				WRAPPER_EXTENSION = xctest;
			};
			name = Release;
		};
/* End XCBuildConfiguration section */

/* Begin XCConfigurationList section */
		8C24D456191A49850091C044 /* Build configuration list for PBXProject "DinnerTime" */ = {
			isa = XCConfigurationList;
			buildConfigurations = (
				8C24D48B191A49860091C044 /* Debug */,
				8C24D48C191A49860091C044 /* Release */,
			);
			defaultConfigurationIsVisible = 0;
			defaultConfigurationName = Release;
		};
		8C24D48D191A49860091C044 /* Build configuration list for PBXNativeTarget "DinnerTime" */ = {
			isa = XCConfigurationList;
			buildConfigurations = (
				8C24D48E191A49860091C044 /* Debug */,
				8C24D48F191A49860091C044 /* Release */,
			);
			defaultConfigurationIsVisible = 0;
			defaultConfigurationName = Release;
		};
		8C24D490191A49860091C044 /* Build configuration list for PBXNativeTarget "DinnerTimeTests" */ = {
			isa = XCConfigurationList;
			buildConfigurations = (
				8C24D491191A49860091C044 /* Debug */,
				8C24D492191A49860091C044 /* Release */,
			);
			defaultConfigurationIsVisible = 0;
			defaultConfigurationName = Release;
		};
/* End XCConfigurationList section */
	};
	rootObject = 8C24D453191A49850091C044 /* Project object */;
}
